
Microsoft Visual Studio Solution File, Format Version 12.00
# Visual Studio Version 17
VisualStudioVersion = 17.3.32929.385
MinimumVisualStudioVersion = 10.0.40219.1
Project("{FAE04EC0-301F-11D3-BF4B-00C04F79EFBC}") = "WpfApp", "WpfApp1\WpfApp.csproj", "{FF7B2ADD-2711-4ADC-9765-E1D6BB920B24}"
EndProject
Project("{9A19103F-16F7-4668-BE54-9A1E7A4F7556}") = "Common", "ClassLibrary1\Common.csproj", "{B7CCBE23-B6F7-40BF-A1B5-0BA75063B546}"
EndProject
Project("{FAE04EC0-301F-11D3-BF4B-00C04F79EFBC}") = "WindowsFormsApp", "WindowsFormsApp1\WindowsFormsApp.csproj", "{C5D18067-C7A8-4FD6-9BDA-F859825D7957}"
EndProject
Global
	GlobalSection(SolutionConfigurationPlatforms) = preSolution
		Debug|Any CPU = Debug|Any CPU
		Release|Any CPU = Release|Any CPU
	EndGlobalSection
	GlobalSection(ProjectConfigurationPlatforms) = postSolution
		{FF7B2ADD-2711-4ADC-9765-E1D6BB920B24}.Debug|Any CPU.ActiveCfg = Debug|Any CPU
		{FF7B2ADD-2711-4ADC-9765-E1D6BB920B24}.Debug|Any CPU.Build.0 = Debug|Any CPU
		{FF7B2ADD-2711-4ADC-9765-E1D6BB920B24}.Release|Any CPU.ActiveCfg = Release|Any CPU
		{FF7B2ADD-2711-4ADC-9765-E1D6BB920B24}.Release|Any CPU.Build.0 = Release|Any CPU
		{B7CCBE23-B6F7-40BF-A1B5-0BA75063B546}.Debug|Any CPU.ActiveCfg = Debug|Any CPU
		{B7CCBE23-B6F7-40BF-A1B5-0BA75063B546}.Debug|Any CPU.Build.0 = Debug|Any CPU
		{B7CCBE23-B6F7-40BF-A1B5-0BA75063B546}.Release|Any CPU.ActiveCfg = Release|Any CPU
		{B7CCBE23-B6F7-40BF-A1B5-0BA75063B546}.Release|Any CPU.Build.0 = Release|Any CPU
		{C5D18067-C7A8-4FD6-9BDA-F859825D7957}.Debug|Any CPU.ActiveCfg = Debug|Any CPU
		{C5D18067-C7A8-4FD6-9BDA-F859825D7957}.Debug|Any CPU.Build.0 = Debug|Any CPU
		{C5D18067-C7A8-4FD6-9BDA-F859825D7957}.Release|Any CPU.ActiveCfg = Release|Any CPU
		{C5D18067-C7A8-4FD6-9BDA-F859825D7957}.Release|Any CPU.Build.0 = Release|Any CPU
	EndGlobalSection
	GlobalSection(SolutionProperties) = preSolution
		HideSolutionNode = FALSE
	EndGlobalSection
	GlobalSection(ExtensibilityGlobals) = postSolution
		SolutionGuid = {BFDC8346-B1EB-454A-81E4-D2C965013B48}
	EndGlobalSection
EndGlobal
