
Microsoft Visual Studio Solution File, Format Version 12.00
# Visual Studio Version 17
VisualStudioVersion = 17.3.32929.385
MinimumVisualStudioVersion = 10.0.40219.1
Project("{9A19103F-16F7-4668-BE54-9A1E7A4F7556}") = "GrpcService", "GrpcService\GrpcService.csproj", "{8D5645A1-8AFB-4E20-B62A-22E701937BA5}"
EndProject
Global
	GlobalSection(SolutionConfigurationPlatforms) = preSolution
		Debug|Any CPU = Debug|Any CPU
		Debug|x86 = Debug|x86
		Release|Any CPU = Release|Any CPU
		Release|x86 = Release|x86
	EndGlobalSection
	GlobalSection(ProjectConfigurationPlatforms) = postSolution
		{8D5645A1-8AFB-4E20-B62A-22E701937BA5}.Debug|Any CPU.ActiveCfg = Debug|Any CPU
		{8D5645A1-8AFB-4E20-B62A-22E701937BA5}.Debug|Any CPU.Build.0 = Debug|Any CPU
		{8D5645A1-8AFB-4E20-B62A-22E701937BA5}.Debug|x86.ActiveCfg = Debug|x86
		{8D5645A1-8AFB-4E20-B62A-22E701937BA5}.Debug|x86.Build.0 = Debug|x86
		{8D5645A1-8AFB-4E20-B62A-22E701937BA5}.Release|Any CPU.ActiveCfg = Release|Any CPU
		{8D5645A1-8AFB-4E20-B62A-22E701937BA5}.Release|Any CPU.Build.0 = Release|Any CPU
		{8D5645A1-8AFB-4E20-B62A-22E701937BA5}.Release|x86.ActiveCfg = Release|x86
		{8D5645A1-8AFB-4E20-B62A-22E701937BA5}.Release|x86.Build.0 = Release|x86
	EndGlobalSection
	GlobalSection(SolutionProperties) = preSolution
		HideSolutionNode = FALSE
	EndGlobalSection
	GlobalSection(ExtensibilityGlobals) = postSolution
		SolutionGuid = {2CDB540A-BFB0-4AF4-8183-F2EB1240F5BE}
	EndGlobalSection
EndGlobal
